
Microsoft Visual Studio Solution File, Format Version 12.00
# Visual Studio Version 17
VisualStudioVersion = 17.8.34525.116
MinimumVisualStudioVersion = 10.0.40219.1
Project("{9A19103F-16F7-4668-BE54-9A1E7A4F7556}") = "Lab1", "src\Lab1\Lab1.csproj", "{C6D841F5-575A-44C2-9C90-02D7FB40A653}"
EndProject
Project("{9A19103F-16F7-4668-BE54-9A1E7A4F7556}") = "Lab2", "src\Lab2\Lab2.csproj", "{F7C0FFB0-B184-4B2D-8BA6-BAE3C8BA656B}"
EndProject
Project("{9A19103F-16F7-4668-BE54-9A1E7A4F7556}") = "Lab3", "src\Lab3\Lab3.csproj", "{518226F0-9EDE-47DD-81A3-ECE771172CB4}"
EndProject
Project("{9A19103F-16F7-4668-BE54-9A1E7A4F7556}") = "Test", "src\Test\Test.csproj", "{17146D06-49FE-435F-9DF4-033915262A73}"
EndProject
Project("{9A19103F-16F7-4668-BE54-9A1E7A4F7556}") = "Lab4", "src\Lab4\Lab4.csproj", "{A18E4A6F-262B-48BF-9384-9560C76C8AF7}"
EndProject
Global
	GlobalSection(SolutionConfigurationPlatforms) = preSolution
		Debug|Any CPU = Debug|Any CPU
		Release|Any CPU = Release|Any CPU
	EndGlobalSection
	GlobalSection(ProjectConfigurationPlatforms) = postSolution
		{C6D841F5-575A-44C2-9C90-02D7FB40A653}.Debug|Any CPU.ActiveCfg = Debug|Any CPU
		{C6D841F5-575A-44C2-9C90-02D7FB40A653}.Debug|Any CPU.Build.0 = Debug|Any CPU
		{C6D841F5-575A-44C2-9C90-02D7FB40A653}.Release|Any CPU.ActiveCfg = Release|Any CPU
		{C6D841F5-575A-44C2-9C90-02D7FB40A653}.Release|Any CPU.Build.0 = Release|Any CPU
		{F7C0FFB0-B184-4B2D-8BA6-BAE3C8BA656B}.Debug|Any CPU.ActiveCfg = Debug|Any CPU
		{F7C0FFB0-B184-4B2D-8BA6-BAE3C8BA656B}.Debug|Any CPU.Build.0 = Debug|Any CPU
		{F7C0FFB0-B184-4B2D-8BA6-BAE3C8BA656B}.Release|Any CPU.ActiveCfg = Release|Any CPU
		{F7C0FFB0-B184-4B2D-8BA6-BAE3C8BA656B}.Release|Any CPU.Build.0 = Release|Any CPU
		{518226F0-9EDE-47DD-81A3-ECE771172CB4}.Debug|Any CPU.ActiveCfg = Debug|Any CPU
		{518226F0-9EDE-47DD-81A3-ECE771172CB4}.Debug|Any CPU.Build.0 = Debug|Any CPU
		{518226F0-9EDE-47DD-81A3-ECE771172CB4}.Release|Any CPU.ActiveCfg = Release|Any CPU
		{518226F0-9EDE-47DD-81A3-ECE771172CB4}.Release|Any CPU.Build.0 = Release|Any CPU
		{17146D06-49FE-435F-9DF4-033915262A73}.Debug|Any CPU.ActiveCfg = Debug|Any CPU
		{17146D06-49FE-435F-9DF4-033915262A73}.Debug|Any CPU.Build.0 = Debug|Any CPU
		{17146D06-49FE-435F-9DF4-033915262A73}.Release|Any CPU.ActiveCfg = Release|Any CPU
		{17146D06-49FE-435F-9DF4-033915262A73}.Release|Any CPU.Build.0 = Release|Any CPU
		{A18E4A6F-262B-48BF-9384-9560C76C8AF7}.Debug|Any CPU.ActiveCfg = Debug|Any CPU
		{A18E4A6F-262B-48BF-9384-9560C76C8AF7}.Debug|Any CPU.Build.0 = Debug|Any CPU
		{A18E4A6F-262B-48BF-9384-9560C76C8AF7}.Release|Any CPU.ActiveCfg = Release|Any CPU
		{A18E4A6F-262B-48BF-9384-9560C76C8AF7}.Release|Any CPU.Build.0 = Release|Any CPU
	EndGlobalSection
	GlobalSection(SolutionProperties) = preSolution
		HideSolutionNode = FALSE
	EndGlobalSection
	GlobalSection(ExtensibilityGlobals) = postSolution
		SolutionGuid = {F9581DF8-0545-490B-82BB-3C2D2ECA0A2C}
	EndGlobalSection
EndGlobal
